// !$*UTF8*$!
{
	archiveVersion = 1;
	classes = {
	};
	objectVersion = 77;
	objects = {

/* Begin PBXContainerItemProxy section */
		C8A68AC72D6FAED5000227EC /* PBXContainerItemProxy */ = {
			isa = PBXContainerItemProxy;
			containerPortal = C8A68AA82D6FAED4000227EC /* Project object */;
			proxyType = 1;
			remoteGlobalIDString = C8A68AAF2D6FAED4000227EC;
			remoteInfo = "apple weather api call";
		};
		C8A68AD12D6FAED5000227EC /* PBXContainerItemProxy */ = {
			isa = PBXContainerItemProxy;
			containerPortal = C8A68AA82D6FAED4000227EC /* Project object */;
			proxyType = 1;
			remoteGlobalIDString = C8A68AAF2D6FAED4000227EC;
			remoteInfo = "apple weather api call";
		};
/* End PBXContainerItemProxy section */

/* Begin PBXFileReference section */
		C8A68AB02D6FAED4000227EC /* apple weather api call.app */ = {isa = PBXFileReference; explicitFileType = wrapper.application; includeInIndex = 0; path = "apple weather api call.app"; sourceTree = BUILT_PRODUCTS_DIR; };
		C8A68AC62D6FAED5000227EC /* apple weather api callTests.xctest */ = {isa = PBXFileReference; explicitFileType = wrapper.cfbundle; includeInIndex = 0; path = "apple weather api callTests.xctest"; sourceTree = BUILT_PRODUCTS_DIR; };
		C8A68AD02D6FAED5000227EC /* apple weather api callUITests.xctest */ = {isa = PBXFileReference; explicitFileType = wrapper.cfbundle; includeInIndex = 0; path = "apple weather api callUITests.xctest"; sourceTree = BUILT_PRODUCTS_DIR; };
/* End PBXFileReference section */

/* Begin PBXFileSystemSynchronizedBuildFileExceptionSet section */
		C8A68AD82D6FAED5000227EC /* Exceptions for "apple weather api call" folder in "apple weather api call" target */ = {
			isa = PBXFileSystemSynchronizedBuildFileExceptionSet;
			membershipExceptions = (
				Info.plist,
			);
			target = C8A68AAF2D6FAED4000227EC /* apple weather api call */;
		};
/* End PBXFileSystemSynchronizedBuildFileExceptionSet section */

/* Begin PBXFileSystemSynchronizedRootGroup section */
		C8A68AB22D6FAED4000227EC /* apple weather api call */ = {
			isa = PBXFileSystemSynchronizedRootGroup;
			exceptions = (
				C8A68AD82D6FAED5000227EC /* Exceptions for "apple weather api call" folder in "apple weather api call" target */,
			);
			path = "apple weather api call";
			sourceTree = "<group>";
		};
		C8A68AC92D6FAED5000227EC /* apple weather api callTests */ = {
			isa = PBXFileSystemSynchronizedRootGroup;
			path = "apple weather api callTests";
			sourceTree = "<group>";
		};
		C8A68AD32D6FAED5000227EC /* apple weather api callUITests */ = {
			isa = PBXFileSystemSynchronizedRootGroup;
			path = "apple weather api callUITests";
			sourceTree = "<group>";
		};
/* End PBXFileSystemSynchronizedRootGroup section */

/* Begin PBXFrameworksBuildPhase section */
		C8A68AAD2D6FAED4000227EC /* Frameworks */ = {
			isa = PBXFrameworksBuildPhase;
			buildActionMask = 2147483647;
			files = (
			);
			runOnlyForDeploymentPostprocessing = 0;
		};
		C8A68AC32D6FAED5000227EC /* Frameworks */ = {
			isa = PBXFrameworksBuildPhase;
			buildActionMask = 2147483647;
			files = (
			);
			runOnlyForDeploymentPostprocessing = 0;
		};
		C8A68ACD2D6FAED5000227EC /* Frameworks */ = {
			isa = PBXFrameworksBuildPhase;
			buildActionMask = 2147483647;
			files = (
			);
			runOnlyForDeploymentPostprocessing = 0;
		};
/* End PBXFrameworksBuildPhase section */

/* Begin PBXGroup section */
		C8A68AA72D6FAED4000227EC = {
			isa = PBXGroup;
			children = (
				C8A68AB22D6FAED4000227EC /* apple weather api call */,
				C8A68AC92D6FAED5000227EC /* apple weather api callTests */,
				C8A68AD32D6FAED5000227EC /* apple weather api callUITests */,
				C8A68AB12D6FAED4000227EC /* Products */,
			);
			sourceTree = "<group>";
		};
		C8A68AB12D6FAED4000227EC /* Products */ = {
			isa = PBXGroup;
			children = (
				C8A68AB02D6FAED4000227EC /* apple weather api call.app */,
				C8A68AC62D6FAED5000227EC /* apple weather api callTests.xctest */,
				C8A68AD02D6FAED5000227EC /* apple weather api callUITests.xctest */,
			);
			name = Products;
			sourceTree = "<group>";
		};
/* End PBXGroup section */

/* Begin PBXNativeTarget section */
		C8A68AAF2D6FAED4000227EC /* apple weather api call */ = {
			isa = PBXNativeTarget;
			buildConfigurationList = C8A68AD92D6FAED5000227EC /* Build configuration list for PBXNativeTarget "apple weather api call" */;
			buildPhases = (
				C8A68AAC2D6FAED4000227EC /* Sources */,
				C8A68AAD2D6FAED4000227EC /* Frameworks */,
				C8A68AAE2D6FAED4000227EC /* Resources */,
			);
			buildRules = (
			);
			dependencies = (
			);
			fileSystemSynchronizedGroups = (
				C8A68AB22D6FAED4000227EC /* apple weather api call */,
			);
			name = "apple weather api call";
			packageProductDependencies = (
			);
			productName = "apple weather api call";
			productReference = C8A68AB02D6FAED4000227EC /* apple weather api call.app */;
			productType = "com.apple.product-type.application";
		};
		C8A68AC52D6FAED5000227EC /* apple weather api callTests */ = {
			isa = PBXNativeTarget;
			buildConfigurationList = C8A68ADE2D6FAED5000227EC /* Build configuration list for PBXNativeTarget "apple weather api callTests" */;
			buildPhases = (
				C8A68AC22D6FAED5000227EC /* Sources */,
				C8A68AC32D6FAED5000227EC /* Frameworks */,
				C8A68AC42D6FAED5000227EC /* Resources */,
			);
			buildRules = (
			);
			dependencies = (
				C8A68AC82D6FAED5000227EC /* PBXTargetDependency */,
			);
			fileSystemSynchronizedGroups = (
				C8A68AC92D6FAED5000227EC /* apple weather api callTests */,
			);
			name = "apple weather api callTests";
			packageProductDependencies = (
			);
			productName = "apple weather api callTests";
			productReference = C8A68AC62D6FAED5000227EC /* apple weather api callTests.xctest */;
			productType = "com.apple.product-type.bundle.unit-test";
		};
		C8A68ACF2D6FAED5000227EC /* apple weather api callUITests */ = {
			isa = PBXNativeTarget;
			buildConfigurationList = C8A68AE12D6FAED5000227EC /* Build configuration list for PBXNativeTarget "apple weather api callUITests" */;
			buildPhases = (
				C8A68ACC2D6FAED5000227EC /* Sources */,
				C8A68ACD2D6FAED5000227EC /* Frameworks */,
				C8A68ACE2D6FAED5000227EC /* Resources */,
			);
			buildRules = (
			);
			dependencies = (
				C8A68AD22D6FAED5000227EC /* PBXTargetDependency */,
			);
			fileSystemSynchronizedGroups = (
				C8A68AD32D6FAED5000227EC /* apple weather api callUITests */,
			);
			name = "apple weather api callUITests";
			packageProductDependencies = (
			);
			productName = "apple weather api callUITests";
			productReference = C8A68AD02D6FAED5000227EC /* apple weather api callUITests.xctest */;
			productType = "com.apple.product-type.bundle.ui-testing";
		};
/* End PBXNativeTarget section */

/* Begin PBXProject section */
		C8A68AA82D6FAED4000227EC /* Project object */ = {
			isa = PBXProject;
			attributes = {
				BuildIndependentTargetsInParallel = 1;
				LastSwiftUpdateCheck = 1620;
				LastUpgradeCheck = 1620;
				TargetAttributes = {
					C8A68AAF2D6FAED4000227EC = {
						CreatedOnToolsVersion = 16.2;
					};
					C8A68AC52D6FAED5000227EC = {
						CreatedOnToolsVersion = 16.2;
						TestTargetID = C8A68AAF2D6FAED4000227EC;
					};
					C8A68ACF2D6FAED5000227EC = {
						CreatedOnToolsVersion = 16.2;
						TestTargetID = C8A68AAF2D6FAED4000227EC;
					};
				};
			};
			buildConfigurationList = C8A68AAB2D6FAED4000227EC /* Build configuration list for PBXProject "apple weather api call" */;
			developmentRegion = en;
			hasScannedForEncodings = 0;
			knownRegions = (
				en,
				Base,
			);
			mainGroup = C8A68AA72D6FAED4000227EC;
			minimizedProjectReferenceProxies = 1;
			preferredProjectObjectVersion = 77;
			productRefGroup = C8A68AB12D6FAED4000227EC /* Products */;
			projectDirPath = "";
			projectRoot = "";
			targets = (
				C8A68AAF2D6FAED4000227EC /* apple weather api call */,
				C8A68AC52D6FAED5000227EC /* apple weather api callTests */,
				C8A68ACF2D6FAED5000227EC /* apple weather api callUITests */,
			);
		};
/* End PBXProject section */

/* Begin PBXResourcesBuildPhase section */
		C8A68AAE2D6FAED4000227EC /* Resources */ = {
			isa = PBXResourcesBuildPhase;
			buildActionMask = 2147483647;
			files = (
			);
			runOnlyForDeploymentPostprocessing = 0;
		};
		C8A68AC42D6FAED5000227EC /* Resources */ = {
			isa = PBXResourcesBuildPhase;
			buildActionMask = 2147483647;
			files = (
			);
			runOnlyForDeploymentPostprocessing = 0;
		};
		C8A68ACE2D6FAED5000227EC /* Resources */ = {
			isa = PBXResourcesBuildPhase;
			buildActionMask = 2147483647;
			files = (
			);
			runOnlyForDeploymentPostprocessing = 0;
		};
/* End PBXResourcesBuildPhase section */

/* Begin PBXSourcesBuildPhase section */
		C8A68AAC2D6FAED4000227EC /* Sources */ = {
			isa = PBXSourcesBuildPhase;
			buildActionMask = 2147483647;
			files = (
			);
			runOnlyForDeploymentPostprocessing = 0;
		};
		C8A68AC22D6FAED5000227EC /* Sources */ = {
			isa = PBXSourcesBuildPhase;
			buildActionMask = 2147483647;
			files = (
			);
			runOnlyForDeploymentPostprocessing = 0;
		};
		C8A68ACC2D6FAED5000227EC /* Sources */ = {
			isa = PBXSourcesBuildPhase;
			buildActionMask = 2147483647;
			files = (
			);
			runOnlyForDeploymentPostprocessing = 0;
		};
/* End PBXSourcesBuildPhase section */

/* Begin PBXTargetDependency section */
		C8A68AC82D6FAED5000227EC /* PBXTargetDependency */ = {
			isa = PBXTargetDependency;
			target = C8A68AAF2D6FAED4000227EC /* apple weather api call */;
			targetProxy = C8A68AC72D6FAED5000227EC /* PBXContainerItemProxy */;
		};
		C8A68AD22D6FAED5000227EC /* PBXTargetDependency */ = {
			isa = PBXTargetDependency;
			target = C8A68AAF2D6FAED4000227EC /* apple weather api call */;
			targetProxy = C8A68AD12D6FAED5000227EC /* PBXContainerItemProxy */;
		};
/* End PBXTargetDependency section */

/* Begin XCBuildConfiguration section */
		C8A68ADA2D6FAED5000227EC /* Debug */ = {
			isa = XCBuildConfiguration;
			buildSettings = {
				ASSETCATALOG_COMPILER_APPICON_NAME = AppIcon;
				ASSETCATALOG_COMPILER_GLOBAL_ACCENT_COLOR_NAME = AccentColor;
				CODE_SIGN_STYLE = Automatic;
				CURRENT_PROJECT_VERSION = 1;
				GENERATE_INFOPLIST_FILE = YES;
				INFOPLIST_FILE = "apple weather api call/Info.plist";
				INFOPLIST_KEY_UIApplicationSupportsIndirectInputEvents = YES;
				INFOPLIST_KEY_UILaunchStoryboardName = LaunchScreen;
				INFOPLIST_KEY_UIMainStoryboardFile = Main;
				INFOPLIST_KEY_UISupportedInterfaceOrientations_iPad = "UIInterfaceOrientationPortrait UIInterfaceOrientationPortraitUpsideDown UIInterfaceOrientationLandscapeLeft UIInterfaceOrientationLandscapeRight";
				INFOPLIST_KEY_UISupportedInterfaceOrientations_iPhone = "UIInterfaceOrientationPortrait UIInterfaceOrientationLandscapeLeft UIInterfaceOrientationLandscapeRight";
				LD_RUNPATH_SEARCH_PATHS = (
					"$(inherited)",
					"@executable_path/Frameworks",
				);
				MARKETING_VERSION = 1.0;
				PRODUCT_BUNDLE_IDENTIFIER = "GBC.apple-weather-api-call";
				PRODUCT_NAME = "$(TARGET_NAME)";
				SWIFT_EMIT_LOC_STRINGS = YES;
				SWIFT_VERSION = 5.0;
				TARGETED_DEVICE_FAMILY = "1,2";
			};
			name = Debug;
		};
		C8A68ADB2D6FAED5000227EC /* Release */ = {
			isa = XCBuildConfiguration;
			buildSettings = {
				ASSETCATALOG_COMPILER_APPICON_NAME = AppIcon;
				ASSETCATALOG_COMPILER_GLOBAL_ACCENT_COLOR_NAME = AccentColor;
				CODE_SIGN_STYLE = Automatic;
				CURRENT_PROJECT_VERSION = 1;
				GENERATE_INFOPLIST_FILE = YES;
				INFOPLIST_FILE = "apple weather api call/Info.plist";
				INFOPLIST_KEY_UIApplicationSupportsIndirectInputEvents = YES;
				INFOPLIST_KEY_UILaunchStoryboardName = LaunchScreen;
				INFOPLIST_KEY_UIMainStoryboardFile = Main;
				INFOPLIST_KEY_UISupportedInterfaceOrientations_iPad = "UIInterfaceOrientationPortrait UIInterfaceOrientationPortraitUpsideDown UIInterfaceOrientationLandscapeLeft UIInterfaceOrientationLandscapeRight";
				INFOPLIST_KEY_UISupportedInterfaceOrientations_iPhone = "UIInterfaceOrientationPortrait UIInterfaceOrientationLandscapeLeft UIInterfaceOrientationLandscapeRight";
				LD_RUNPATH_SEARCH_PATHS = (
					"$(inherited)",
					"@executable_path/Frameworks",
				);
				MARKETING_VERSION = 1.0;
				PRODUCT_BUNDLE_IDENTIFIER = "GBC.apple-weather-api-call";
				PRODUCT_NAME = "$(TARGET_NAME)";
				SWIFT_EMIT_LOC_STRINGS = YES;
				SWIFT_VERSION = 5.0;
				TARGETED_DEVICE_FAMILY = "1,2";
			};
			name = Release;
		};
		C8A68ADC2D6FAED5000227EC /* Debug */ = {
			isa = XCBuildConfiguration;
			buildSettings = {
				ALWAYS_SEARCH_USER_PATHS = NO;
				ASSETCATALOG_COMPILER_GENERATE_SWIFT_ASSET_SYMBOL_EXTENSIONS = YES;
				CLANG_ANALYZER_NONNULL = YES;
				CLANG_ANALYZER_NUMBER_OBJECT_CONVERSION = YES_AGGRESSIVE;
				CLANG_CXX_LANGUAGE_STANDARD = "gnu++20";
				CLANG_ENABLE_MODULES = YES;
				CLANG_ENABLE_OBJC_ARC = YES;
				CLANG_ENABLE_OBJC_WEAK = YES;
				CLANG_WARN_BLOCK_CAPTURE_AUTORELEASING = YES;
				CLANG_WARN_BOOL_CONVERSION = YES;
				CLANG_WARN_COMMA = YES;
				CLANG_WARN_CONSTANT_CONVERSION = YES;
				CLANG_WARN_DEPRECATED_OBJC_IMPLEMENTATIONS = YES;
				CLANG_WARN_DIRECT_OBJC_ISA_USAGE = YES_ERROR;
				CLANG_WARN_DOCUMENTATION_COMMENTS = YES;
				CLANG_WARN_EMPTY_BODY = YES;
				CLANG_WARN_ENUM_CONVERSION = YES;
				CLANG_WARN_INFINITE_RECURSION = YES;
				CLANG_WARN_INT_CONVERSION = YES;
				CLANG_WARN_NON_LITERAL_NULL_CONVERSION = YES;
				CLANG_WARN_OBJC_IMPLICIT_RETAIN_SELF = YES;
				CLANG_WARN_OBJC_LITERAL_CONVERSION = YES;
				CLANG_WARN_OBJC_ROOT_CLASS = YES_ERROR;
				CLANG_WARN_QUOTED_INCLUDE_IN_FRAMEWORK_HEADER = YES;
				CLANG_WARN_RANGE_LOOP_ANALYSIS = YES;
				CLANG_WARN_STRICT_PROTOTYPES = YES;
				CLANG_WARN_SUSPICIOUS_MOVE = YES;
				CLANG_WARN_UNGUARDED_AVAILABILITY = YES_AGGRESSIVE;
				CLANG_WARN_UNREACHABLE_CODE = YES;
				CLANG_WARN__DUPLICATE_METHOD_MATCH = YES;
				COPY_PHASE_STRIP = NO;
				DEBUG_INFORMATION_FORMAT = dwarf;
				ENABLE_STRICT_OBJC_MSGSEND = YES;
				ENABLE_TESTABILITY = YES;
				ENABLE_USER_SCRIPT_SANDBOXING = YES;
				GCC_C_LANGUAGE_STANDARD = gnu17;
				GCC_DYNAMIC_NO_PIC = NO;
				GCC_NO_COMMON_BLOCKS = YES;
				GCC_OPTIMIZATION_LEVEL = 0;
				GCC_PREPROCESSOR_DEFINITIONS = (
					"DEBUG=1",
					"$(inherited)",
				);
				GCC_WARN_64_TO_32_BIT_CONVERSION = YES;
				GCC_WARN_ABOUT_RETURN_TYPE = YES_ERROR;
				GCC_WARN_UNDECLARED_SELECTOR = YES;
				GCC_WARN_UNINITIALIZED_AUTOS = YES_AGGRESSIVE;
				GCC_WARN_UNUSED_FUNCTION = YES;
				GCC_WARN_UNUSED_VARIABLE = YES;
				IPHONEOS_DEPLOYMENT_TARGET = 18.2;
				LOCALIZATION_PREFERS_STRING_CATALOGS = YES;
				MTL_ENABLE_DEBUG_INFO = INCLUDE_SOURCE;
				MTL_FAST_MATH = YES;
				ONLY_ACTIVE_ARCH = YES;
				SDKROOT = iphoneos;
				SWIFT_ACTIVE_COMPILATION_CONDITIONS = "DEBUG $(inherited)";
				SWIFT_OPTIMIZATION_LEVEL = "-Onone";
			};
			name = Debug;
		};
		C8A68ADD2D6FAED5000227EC /* Release */ = {
			isa = XCBuildConfiguration;
			buildSettings = {
				ALWAYS_SEARCH_USER_PATHS = NO;
				ASSETCATALOG_COMPILER_GENERATE_SWIFT_ASSET_SYMBOL_EXTENSIONS = YES;
				CLANG_ANALYZER_NONNULL = YES;
				CLANG_ANALYZER_NUMBER_OBJECT_CONVERSION = YES_AGGRESSIVE;
				CLANG_CXX_LANGUAGE_STANDARD = "gnu++20";
				CLANG_ENABLE_MODULES = YES;
				CLANG_ENABLE_OBJC_ARC = YES;
				CLANG_ENABLE_OBJC_WEAK = YES;
				CLANG_WARN_BLOCK_CAPTURE_AUTORELEASING = YES;
				CLANG_WARN_BOOL_CONVERSION = YES;
				CLANG_WARN_COMMA = YES;
				CLANG_WARN_CONSTANT_CONVERSION = YES;
				CLANG_WARN_DEPRECATED_OBJC_IMPLEMENTATIONS = YES;
				CLANG_WARN_DIRECT_OBJC_ISA_USAGE = YES_ERROR;
				CLANG_WARN_DOCUMENTATION_COMMENTS = YES;
				CLANG_WARN_EMPTY_BODY = YES;
				CLANG_WARN_ENUM_CONVERSION = YES;
				CLANG_WARN_INFINITE_RECURSION = YES;
				CLANG_WARN_INT_CONVERSION = YES;
				CLANG_WARN_NON_LITERAL_NULL_CONVERSION = YES;
				CLANG_WARN_OBJC_IMPLICIT_RETAIN_SELF = YES;
				CLANG_WARN_OBJC_LITERAL_CONVERSION = YES;
				CLANG_WARN_OBJC_ROOT_CLASS = YES_ERROR;
				CLANG_WARN_QUOTED_INCLUDE_IN_FRAMEWORK_HEADER = YES;
				CLANG_WARN_RANGE_LOOP_ANALYSIS = YES;
				CLANG_WARN_STRICT_PROTOTYPES = YES;
				CLANG_WARN_SUSPICIOUS_MOVE = YES;
				CLANG_WARN_UNGUARDED_AVAILABILITY = YES_AGGRESSIVE;
				CLANG_WARN_UNREACHABLE_CODE = YES;
				CLANG_WARN__DUPLICATE_METHOD_MATCH = YES;
				COPY_PHASE_STRIP = NO;
				DEBUG_INFORMATION_FORMAT = "dwarf-with-dsym";
				ENABLE_NS_ASSERTIONS = NO;
				ENABLE_STRICT_OBJC_MSGSEND = YES;
				ENABLE_USER_SCRIPT_SANDBOXING = YES;
				GCC_C_LANGUAGE_STANDARD = gnu17;
				GCC_NO_COMMON_BLOCKS = YES;
				GCC_WARN_64_TO_32_BIT_CONVERSION = YES;
				GCC_WARN_ABOUT_RETURN_TYPE = YES_ERROR;
				GCC_WARN_UNDECLARED_SELECTOR = YES;
				GCC_WARN_UNINITIALIZED_AUTOS = YES_AGGRESSIVE;
				GCC_WARN_UNUSED_FUNCTION = YES;
				GCC_WARN_UNUSED_VARIABLE = YES;
				IPHONEOS_DEPLOYMENT_TARGET = 18.2;
				LOCALIZATION_PREFERS_STRING_CATALOGS = YES;
				MTL_ENABLE_DEBUG_INFO = NO;
				MTL_FAST_MATH = YES;
				SDKROOT = iphoneos;
				SWIFT_COMPILATION_MODE = wholemodule;
				VALIDATE_PRODUCT = YES;
			};
			name = Release;
		};
		C8A68ADF2D6FAED5000227EC /* Debug */ = {
			isa = XCBuildConfiguration;
			buildSettings = {
				BUNDLE_LOADER = "$(TEST_HOST)";
				CODE_SIGN_STYLE = Automatic;
				CURRENT_PROJECT_VERSION = 1;
				GENERATE_INFOPLIST_FILE = YES;
				IPHONEOS_DEPLOYMENT_TARGET = 18.2;
				MARKETING_VERSION = 1.0;
				PRODUCT_BUNDLE_IDENTIFIER = "GBC.apple-weather-api-callTests";
				PRODUCT_NAME = "$(TARGET_NAME)";
				SWIFT_EMIT_LOC_STRINGS = NO;
				SWIFT_VERSION = 5.0;
				TARGETED_DEVICE_FAMILY = "1,2";
				TEST_HOST = "$(BUILT_PRODUCTS_DIR)/apple weather api call.app/$(BUNDLE_EXECUTABLE_FOLDER_PATH)/apple weather api call";
			};
			name = Debug;
		};
		C8A68AE02D6FAED5000227EC /* Release */ = {
			isa = XCBuildConfiguration;
			buildSettings = {
				BUNDLE_LOADER = "$(TEST_HOST)";
				CODE_SIGN_STYLE = Automatic;
				CURRENT_PROJECT_VERSION = 1;
				GENERATE_INFOPLIST_FILE = YES;
				IPHONEOS_DEPLOYMENT_TARGET = 18.2;
				MARKETING_VERSION = 1.0;
				PRODUCT_BUNDLE_IDENTIFIER = "GBC.apple-weather-api-callTests";
				PRODUCT_NAME = "$(TARGET_NAME)";
				SWIFT_EMIT_LOC_STRINGS = NO;
				SWIFT_VERSION = 5.0;
				TARGETED_DEVICE_FAMILY = "1,2";
				TEST_HOST = "$(BUILT_PRODUCTS_DIR)/apple weather api call.app/$(BUNDLE_EXECUTABLE_FOLDER_PATH)/apple weather api call";
			};
			name = Release;
		};
		C8A68AE22D6FAED5000227EC /* Debug */ = {
			isa = XCBuildConfiguration;
			buildSettings = {
				CODE_SIGN_STYLE = Automatic;
				CURRENT_PROJECT_VERSION = 1;
				GENERATE_INFOPLIST_FILE = YES;
				MARKETING_VERSION = 1.0;
				PRODUCT_BUNDLE_IDENTIFIER = "GBC.apple-weather-api-callUITests";
				PRODUCT_NAME = "$(TARGET_NAME)";
				SWIFT_EMIT_LOC_STRINGS = NO;
				SWIFT_VERSION = 5.0;
				TARGETED_DEVICE_FAMILY = "1,2";
				TEST_TARGET_NAME = "apple weather api call";
			};
			name = Debug;
		};
		C8A68AE32D6FAED5000227EC /* Release */ = {
			isa = XCBuildConfiguration;
			buildSettings = {
				CODE_SIGN_STYLE = Automatic;
				CURRENT_PROJECT_VERSION = 1;
				GENERATE_INFOPLIST_FILE = YES;
				MARKETING_VERSION = 1.0;
				PRODUCT_BUNDLE_IDENTIFIER = "GBC.apple-weather-api-callUITests";
				PRODUCT_NAME = "$(TARGET_NAME)";
				SWIFT_EMIT_LOC_STRINGS = NO;
				SWIFT_VERSION = 5.0;
				TARGETED_DEVICE_FAMILY = "1,2";
				TEST_TARGET_NAME = "apple weather api call";
			};
			name = Release;
		};
/* End XCBuildConfiguration section */

/* Begin XCConfigurationList section */
		C8A68AAB2D6FAED4000227EC /* Build configuration list for PBXProject "apple weather api call" */ = {
			isa = XCConfigurationList;
			buildConfigurations = (
				C8A68ADC2D6FAED5000227EC /* Debug */,
				C8A68ADD2D6FAED5000227EC /* Release */,
			);
			defaultConfigurationIsVisible = 0;
			defaultConfigurationName = Release;
		};
		C8A68AD92D6FAED5000227EC /* Build configuration list for PBXNativeTarget "apple weather api call" */ = {
			isa = XCConfigurationList;
			buildConfigurations = (
				C8A68ADA2D6FAED5000227EC /* Debug */,
				C8A68ADB2D6FAED5000227EC /* Release */,
			);
			defaultConfigurationIsVisible = 0;
			defaultConfigurationName = Release;
		};
		C8A68ADE2D6FAED5000227EC /* Build configuration list for PBXNativeTarget "apple weather api callTests" */ = {
			isa = XCConfigurationList;
			buildConfigurations = (
				C8A68ADF2D6FAED5000227EC /* Debug */,
				C8A68AE02D6FAED5000227EC /* Release */,
			);
			defaultConfigurationIsVisible = 0;
			defaultConfigurationName = Release;
		};
		C8A68AE12D6FAED5000227EC /* Build configuration list for PBXNativeTarget "apple weather api callUITests" */ = {
			isa = XCConfigurationList;
			buildConfigurations = (
				C8A68AE22D6FAED5000227EC /* Debug */,
				C8A68AE32D6FAED5000227EC /* Release */,
			);
			defaultConfigurationIsVisible = 0;
			defaultConfigurationName = Release;
		};
/* End XCConfigurationList section */
	};
	rootObject = C8A68AA82D6FAED4000227EC /* Project object */;
}
